{
  "name": "node-red-contrib-binpacking",
  "version": "1.0.0",
  "lockfileVersion": 1,
  "requires": true,
  "dependencies": {
    "binpackingjs": {
      "version": "2.3.2",
      "resolved": "https://registry.npmjs.org/binpackingjs/-/binpackingjs-2.3.2.tgz",
      "integrity": "sha512-gAdu687EDxyunUvGf96AA5CJwMcrWuJ3L9Hbo0ZB2WOndWO/6uIETEYBEzh6YJmTgAQ2ol6TBBQ5Fm5hbtsGDw=="
    }
  }
}
